
Microsoft Visual Studio Solution File, Format Version 12.00
# Visual Studio Version 16
VisualStudioVersion = 16.0.30011.22
MinimumVisualStudioVersion = 10.0.40219.1
Project("{FAE04EC0-301F-11D3-BF4B-00C04F79EFBC}") = "WM.Web", "WM.Web\WM.Web.csproj", "{074C01BE-E216-4347-A2AF-D1EC4137BF6A}"
EndProject
Project("{FAE04EC0-301F-11D3-BF4B-00C04F79EFBC}") = "WM.Core", "WM.Core\WM.Core.csproj", "{D7EF86AD-BD03-45A4-8F66-FD53A10F6B8A}"
EndProject
Project("{FAE04EC0-301F-11D3-BF4B-00C04F79EFBC}") = "WM.Infrastructure", "WM.Infrastructure\WM.Infrastructure.csproj", "{F5CE3D1D-7B3F-4998-9BC4-646924FF47E4}"
EndProject
Global
	GlobalSection(SolutionConfigurationPlatforms) = preSolution
		Debug|Any CPU = Debug|Any CPU
		Release|Any CPU = Release|Any CPU
	EndGlobalSection
	GlobalSection(ProjectConfigurationPlatforms) = postSolution
		{074C01BE-E216-4347-A2AF-D1EC4137BF6A}.Debug|Any CPU.ActiveCfg = Debug|Any CPU
		{074C01BE-E216-4347-A2AF-D1EC4137BF6A}.Debug|Any CPU.Build.0 = Debug|Any CPU
		{074C01BE-E216-4347-A2AF-D1EC4137BF6A}.Release|Any CPU.ActiveCfg = Release|Any CPU
		{074C01BE-E216-4347-A2AF-D1EC4137BF6A}.Release|Any CPU.Build.0 = Release|Any CPU
		{D7EF86AD-BD03-45A4-8F66-FD53A10F6B8A}.Debug|Any CPU.ActiveCfg = Debug|Any CPU
		{D7EF86AD-BD03-45A4-8F66-FD53A10F6B8A}.Debug|Any CPU.Build.0 = Debug|Any CPU
		{D7EF86AD-BD03-45A4-8F66-FD53A10F6B8A}.Release|Any CPU.ActiveCfg = Release|Any CPU
		{D7EF86AD-BD03-45A4-8F66-FD53A10F6B8A}.Release|Any CPU.Build.0 = Release|Any CPU
		{F5CE3D1D-7B3F-4998-9BC4-646924FF47E4}.Debug|Any CPU.ActiveCfg = Debug|Any CPU
		{F5CE3D1D-7B3F-4998-9BC4-646924FF47E4}.Debug|Any CPU.Build.0 = Debug|Any CPU
		{F5CE3D1D-7B3F-4998-9BC4-646924FF47E4}.Release|Any CPU.ActiveCfg = Release|Any CPU
		{F5CE3D1D-7B3F-4998-9BC4-646924FF47E4}.Release|Any CPU.Build.0 = Release|Any CPU
	EndGlobalSection
	GlobalSection(SolutionProperties) = preSolution
		HideSolutionNode = FALSE
	EndGlobalSection
	GlobalSection(ExtensibilityGlobals) = postSolution
		SolutionGuid = {A98690B2-5A0D-4DC3-94F0-7398F40E4C09}
	EndGlobalSection
EndGlobal
